
Microsoft Visual Studio Solution File, Format Version 12.00
# Visual Studio Version 17
VisualStudioVersion = 17.8.34309.116
MinimumVisualStudioVersion = 10.0.40219.1
Project("{FAE04EC0-301F-11D3-BF4B-00C04F79EFBC}") = "LightweightCharts.Blazor.Examples", "LightweightCharts.Blazor.Examples\LightweightCharts.Blazor.Examples.csproj", "{C7901085-7409-4878-ADF7-BCA8D2898188}"
EndProject
Project("{9A19103F-16F7-4668-BE54-9A1E7A4F7556}") = "LightweightCharts.Blazor", "..\..\src\LightweightCharts.Blazor\LightweightCharts.Blazor.csproj", "{C4327FA6-37B9-4354-9ADD-3C2500EC0903}"
EndProject
Global
	GlobalSection(SolutionConfigurationPlatforms) = preSolution
		Debug|Any CPU = Debug|Any CPU
		Release|Any CPU = Release|Any CPU
	EndGlobalSection
	GlobalSection(ProjectConfigurationPlatforms) = postSolution
		{C7901085-7409-4878-ADF7-BCA8D2898188}.Debug|Any CPU.ActiveCfg = Debug|Any CPU
		{C7901085-7409-4878-ADF7-BCA8D2898188}.Debug|Any CPU.Build.0 = Debug|Any CPU
		{C7901085-7409-4878-ADF7-BCA8D2898188}.Release|Any CPU.ActiveCfg = Release|Any CPU
		{C7901085-7409-4878-ADF7-BCA8D2898188}.Release|Any CPU.Build.0 = Release|Any CPU
		{C4327FA6-37B9-4354-9ADD-3C2500EC0903}.Debug|Any CPU.ActiveCfg = Debug|Any CPU
		{C4327FA6-37B9-4354-9ADD-3C2500EC0903}.Debug|Any CPU.Build.0 = Debug|Any CPU
		{C4327FA6-37B9-4354-9ADD-3C2500EC0903}.Release|Any CPU.ActiveCfg = Release|Any CPU
		{C4327FA6-37B9-4354-9ADD-3C2500EC0903}.Release|Any CPU.Build.0 = Release|Any CPU
	EndGlobalSection
	GlobalSection(SolutionProperties) = preSolution
		HideSolutionNode = FALSE
	EndGlobalSection
	GlobalSection(ExtensibilityGlobals) = postSolution
		SolutionGuid = {53E03EB7-0F97-4558-B32C-96B62C392098}
	EndGlobalSection
EndGlobal
